// !$*UTF8*$!
{
	archiveVersion = 1;
	classes = {
	};
	objectVersion = 46;
	objects = {

/* Begin PBXBuildFile section */
		44B126DE1DE088C000B1DE0A /* AppDelegate.swift in Sources */ = {isa = PBXBuildFile; fileRef = 44B126DD1DE088C000B1DE0A /* AppDelegate.swift */; };
		44B126E01DE088C000B1DE0A /* ViewController.swift in Sources */ = {isa = PBXBuildFile; fileRef = 44B126DF1DE088C000B1DE0A /* ViewController.swift */; };
		44B126E31DE088C000B1DE0A /* Main.storyboard in Resources */ = {isa = PBXBuildFile; fileRef = 44B126E11DE088C000B1DE0A /* Main.storyboard */; };
		44B126E51DE088C000B1DE0A /* Assets.xcassets in Resources */ = {isa = PBXBuildFile; fileRef = 44B126E41DE088C000B1DE0A /* Assets.xcassets */; };
		44B126E81DE088C000B1DE0A /* LaunchScreen.storyboard in Resources */ = {isa = PBXBuildFile; fileRef = 44B126E61DE088C000B1DE0A /* LaunchScreen.storyboard */; };
		44B126F31DE088C000B1DE0A /* StateFairTests.swift in Sources */ = {isa = PBXBuildFile; fileRef = 44B126F21DE088C000B1DE0A /* StateFairTests.swift */; };
		59C8E28D676630EA8FEF66D4 /* Pods_StateFair.framework in Frameworks */ = {isa = PBXBuildFile; fileRef = 15050DE56A401FF28EA3BF5C /* Pods_StateFair.framework */; };
		611D65B2042B7CD13DFBBF77 /* Pods_StateFairTests.framework in Frameworks */ = {isa = PBXBuildFile; fileRef = D160FD166B89A36C580D7279 /* Pods_StateFairTests.framework */; };
/* End PBXBuildFile section */

/* Begin PBXContainerItemProxy section */
		44B126EF1DE088C000B1DE0A /* PBXContainerItemProxy */ = {
			isa = PBXContainerItemProxy;
			containerPortal = 44B126D21DE088C000B1DE0A /* Project object */;
			proxyType = 1;
			remoteGlobalIDString = 44B126D91DE088C000B1DE0A;
			remoteInfo = StateFair;
		};
/* End PBXContainerItemProxy section */

/* Begin PBXFileReference section */
		15050DE56A401FF28EA3BF5C /* Pods_StateFair.framework */ = {isa = PBXFileReference; explicitFileType = wrapper.framework; includeInIndex = 0; path = Pods_StateFair.framework; sourceTree = BUILT_PRODUCTS_DIR; };
		1FC424E38D90E71950BA35D6 /* Pods-StateFairTests.release.xcconfig */ = {isa = PBXFileReference; includeInIndex = 1; lastKnownFileType = text.xcconfig; name = "Pods-StateFairTests.release.xcconfig"; path = "Pods/Target Support Files/Pods-StateFairTests/Pods-StateFairTests.release.xcconfig"; sourceTree = "<group>"; };
		3E69732D1CD517A066D643F9 /* Pods-StateFair.release.xcconfig */ = {isa = PBXFileReference; includeInIndex = 1; lastKnownFileType = text.xcconfig; name = "Pods-StateFair.release.xcconfig"; path = "Pods/Target Support Files/Pods-StateFair/Pods-StateFair.release.xcconfig"; sourceTree = "<group>"; };
		44B126DA1DE088C000B1DE0A /* StateFair.app */ = {isa = PBXFileReference; explicitFileType = wrapper.application; includeInIndex = 0; path = StateFair.app; sourceTree = BUILT_PRODUCTS_DIR; };
		44B126DD1DE088C000B1DE0A /* AppDelegate.swift */ = {isa = PBXFileReference; lastKnownFileType = sourcecode.swift; path = AppDelegate.swift; sourceTree = "<group>"; };
		44B126DF1DE088C000B1DE0A /* ViewController.swift */ = {isa = PBXFileReference; lastKnownFileType = sourcecode.swift; path = ViewController.swift; sourceTree = "<group>"; };
		44B126E21DE088C000B1DE0A /* Base */ = {isa = PBXFileReference; lastKnownFileType = file.storyboard; name = Base; path = Base.lproj/Main.storyboard; sourceTree = "<group>"; };
		44B126E41DE088C000B1DE0A /* Assets.xcassets */ = {isa = PBXFileReference; lastKnownFileType = folder.assetcatalog; path = Assets.xcassets; sourceTree = "<group>"; };
		44B126E71DE088C000B1DE0A /* Base */ = {isa = PBXFileReference; lastKnownFileType = file.storyboard; name = Base; path = Base.lproj/LaunchScreen.storyboard; sourceTree = "<group>"; };
		44B126E91DE088C000B1DE0A /* Info.plist */ = {isa = PBXFileReference; lastKnownFileType = text.plist.xml; path = Info.plist; sourceTree = "<group>"; };
		44B126EE1DE088C000B1DE0A /* StateFairTests.xctest */ = {isa = PBXFileReference; explicitFileType = wrapper.cfbundle; includeInIndex = 0; path = StateFairTests.xctest; sourceTree = BUILT_PRODUCTS_DIR; };
		44B126F21DE088C000B1DE0A /* StateFairTests.swift */ = {isa = PBXFileReference; lastKnownFileType = sourcecode.swift; path = StateFairTests.swift; sourceTree = "<group>"; };
		44B126F41DE088C000B1DE0A /* Info.plist */ = {isa = PBXFileReference; lastKnownFileType = text.plist.xml; path = Info.plist; sourceTree = "<group>"; };
		D003B345D757DFC15DED0109 /* Pods-StateFairTests.debug.xcconfig */ = {isa = PBXFileReference; includeInIndex = 1; lastKnownFileType = text.xcconfig; name = "Pods-StateFairTests.debug.xcconfig"; path = "Pods/Target Support Files/Pods-StateFairTests/Pods-StateFairTests.debug.xcconfig"; sourceTree = "<group>"; };
		D160FD166B89A36C580D7279 /* Pods_StateFairTests.framework */ = {isa = PBXFileReference; explicitFileType = wrapper.framework; includeInIndex = 0; path = Pods_StateFairTests.framework; sourceTree = BUILT_PRODUCTS_DIR; };
		D6645E2E6AC3BF50F3338E83 /* Pods-StateFair.debug.xcconfig */ = {isa = PBXFileReference; includeInIndex = 1; lastKnownFileType = text.xcconfig; name = "Pods-StateFair.debug.xcconfig"; path = "Pods/Target Support Files/Pods-StateFair/Pods-StateFair.debug.xcconfig"; sourceTree = "<group>"; };
/* End PBXFileReference section */

/* Begin PBXFrameworksBuildPhase section */
		44B126D71DE088C000B1DE0A /* Frameworks */ = {
			isa = PBXFrameworksBuildPhase;
			buildActionMask = 2147483647;
			files = (
				59C8E28D676630EA8FEF66D4 /* Pods_StateFair.framework in Frameworks */,
			);
			runOnlyForDeploymentPostprocessing = 0;
		};
		44B126EB1DE088C000B1DE0A /* Frameworks */ = {
			isa = PBXFrameworksBuildPhase;
			buildActionMask = 2147483647;
			files = (
				611D65B2042B7CD13DFBBF77 /* Pods_StateFairTests.framework in Frameworks */,
			);
			runOnlyForDeploymentPostprocessing = 0;
		};
/* End PBXFrameworksBuildPhase section */

/* Begin PBXGroup section */
		13FCE91FFD8F42DA69E5F661 /* Frameworks */ = {
			isa = PBXGroup;
			children = (
				15050DE56A401FF28EA3BF5C /* Pods_StateFair.framework */,
				D160FD166B89A36C580D7279 /* Pods_StateFairTests.framework */,
			);
			name = Frameworks;
			sourceTree = "<group>";
		};
		2025D9F977A46171FF28F4C1 /* Pods */ = {
			isa = PBXGroup;
			children = (
				D6645E2E6AC3BF50F3338E83 /* Pods-StateFair.debug.xcconfig */,
				3E69732D1CD517A066D643F9 /* Pods-StateFair.release.xcconfig */,
				D003B345D757DFC15DED0109 /* Pods-StateFairTests.debug.xcconfig */,
				1FC424E38D90E71950BA35D6 /* Pods-StateFairTests.release.xcconfig */,
			);
			name = Pods;
			sourceTree = "<group>";
		};
		44B126D11DE088C000B1DE0A = {
			isa = PBXGroup;
			children = (
				44B126DC1DE088C000B1DE0A /* StateFair */,
				44B126F11DE088C000B1DE0A /* StateFairTests */,
				44B126DB1DE088C000B1DE0A /* Products */,
				2025D9F977A46171FF28F4C1 /* Pods */,
				13FCE91FFD8F42DA69E5F661 /* Frameworks */,
			);
			sourceTree = "<group>";
		};
		44B126DB1DE088C000B1DE0A /* Products */ = {
			isa = PBXGroup;
			children = (
				44B126DA1DE088C000B1DE0A /* StateFair.app */,
				44B126EE1DE088C000B1DE0A /* StateFairTests.xctest */,
			);
			name = Products;
			sourceTree = "<group>";
		};
		44B126DC1DE088C000B1DE0A /* StateFair */ = {
			isa = PBXGroup;
			children = (
				44B126DD1DE088C000B1DE0A /* AppDelegate.swift */,
				44B126DF1DE088C000B1DE0A /* ViewController.swift */,
				44B126E11DE088C000B1DE0A /* Main.storyboard */,
				44B126E41DE088C000B1DE0A /* Assets.xcassets */,
				44B126E61DE088C000B1DE0A /* LaunchScreen.storyboard */,
				44B126E91DE088C000B1DE0A /* Info.plist */,
			);
			path = StateFair;
			sourceTree = "<group>";
		};
		44B126F11DE088C000B1DE0A /* StateFairTests */ = {
			isa = PBXGroup;
			children = (
				44B126F21DE088C000B1DE0A /* StateFairTests.swift */,
				44B126F41DE088C000B1DE0A /* Info.plist */,
			);
			path = StateFairTests;
			sourceTree = "<group>";
		};
/* End PBXGroup section */

/* Begin PBXNativeTarget section */
		44B126D91DE088C000B1DE0A /* StateFair */ = {
			isa = PBXNativeTarget;
			buildConfigurationList = 44B126F71DE088C000B1DE0A /* Build configuration list for PBXNativeTarget "StateFair" */;
			buildPhases = (
				E133C5535EE067138D85558F /* [CP] Check Pods Manifest.lock */,
				44B126D61DE088C000B1DE0A /* Sources */,
				44B126D71DE088C000B1DE0A /* Frameworks */,
				44B126D81DE088C000B1DE0A /* Resources */,
				FBB6EB65ED704913551A1120 /* [CP] Embed Pods Frameworks */,
				E5232829E45D9D2850E09FEA /* [CP] Copy Pods Resources */,
			);
			buildRules = (
			);
			dependencies = (
			);
			name = StateFair;
			productName = StateFair;
			productReference = 44B126DA1DE088C000B1DE0A /* StateFair.app */;
			productType = "com.apple.product-type.application";
		};
		44B126ED1DE088C000B1DE0A /* StateFairTests */ = {
			isa = PBXNativeTarget;
			buildConfigurationList = 44B126FA1DE088C000B1DE0A /* Build configuration list for PBXNativeTarget "StateFairTests" */;
			buildPhases = (
				EE0CAB063DCEFDD4CC0FDA4B /* [CP] Check Pods Manifest.lock */,
				44B126EA1DE088C000B1DE0A /* Sources */,
				44B126EB1DE088C000B1DE0A /* Frameworks */,
				44B126EC1DE088C000B1DE0A /* Resources */,
				E3BFB513F900A992BC784518 /* [CP] Embed Pods Frameworks */,
				81E579D818CD38D19D50485C /* [CP] Copy Pods Resources */,
			);
			buildRules = (
			);
			dependencies = (
				44B126F01DE088C000B1DE0A /* PBXTargetDependency */,
			);
			name = StateFairTests;
			productName = StateFairTests;
			productReference = 44B126EE1DE088C000B1DE0A /* StateFairTests.xctest */;
			productType = "com.apple.product-type.bundle.unit-test";
		};
/* End PBXNativeTarget section */

/* Begin PBXProject section */
		44B126D21DE088C000B1DE0A /* Project object */ = {
			isa = PBXProject;
			attributes = {
				LastSwiftUpdateCheck = 0810;
				LastUpgradeCheck = 0810;
				ORGANIZATIONNAME = "Dispatch Once, LLC";
				TargetAttributes = {
					44B126D91DE088C000B1DE0A = {
						CreatedOnToolsVersion = 8.1;
						DevelopmentTeam = E8YCTQ5XB7;
						ProvisioningStyle = Automatic;
					};
					44B126ED1DE088C000B1DE0A = {
						CreatedOnToolsVersion = 8.1;
						DevelopmentTeam = E8YCTQ5XB7;
						ProvisioningStyle = Automatic;
						TestTargetID = 44B126D91DE088C000B1DE0A;
					};
				};
			};
			buildConfigurationList = 44B126D51DE088C000B1DE0A /* Build configuration list for PBXProject "StateFair" */;
			compatibilityVersion = "Xcode 3.2";
			developmentRegion = English;
			hasScannedForEncodings = 0;
			knownRegions = (
				en,
				Base,
			);
			mainGroup = 44B126D11DE088C000B1DE0A;
			productRefGroup = 44B126DB1DE088C000B1DE0A /* Products */;
			projectDirPath = "";
			projectRoot = "";
			targets = (
				44B126D91DE088C000B1DE0A /* StateFair */,
				44B126ED1DE088C000B1DE0A /* StateFairTests */,
			);
		};
/* End PBXProject section */

/* Begin PBXResourcesBuildPhase section */
		44B126D81DE088C000B1DE0A /* Resources */ = {
			isa = PBXResourcesBuildPhase;
			buildActionMask = 2147483647;
			files = (
				44B126E81DE088C000B1DE0A /* LaunchScreen.storyboard in Resources */,
				44B126E51DE088C000B1DE0A /* Assets.xcassets in Resources */,
				44B126E31DE088C000B1DE0A /* Main.storyboard in Resources */,
			);
			runOnlyForDeploymentPostprocessing = 0;
		};
		44B126EC1DE088C000B1DE0A /* Resources */ = {
			isa = PBXResourcesBuildPhase;
			buildActionMask = 2147483647;
			files = (
			);
			runOnlyForDeploymentPostprocessing = 0;
		};
/* End PBXResourcesBuildPhase section */

/* Begin PBXShellScriptBuildPhase section */
		81E579D818CD38D19D50485C /* [CP] Copy Pods Resources */ = {
			isa = PBXShellScriptBuildPhase;
			buildActionMask = 2147483647;
			files = (
			);
			inputPaths = (
			);
			name = "[CP] Copy Pods Resources";
			outputPaths = (
			);
			runOnlyForDeploymentPostprocessing = 0;
			shellPath = /bin/sh;
			shellScript = "\"${SRCROOT}/Pods/Target Support Files/Pods-StateFairTests/Pods-StateFairTests-resources.sh\"\n";
			showEnvVarsInLog = 0;
		};
		E133C5535EE067138D85558F /* [CP] Check Pods Manifest.lock */ = {
			isa = PBXShellScriptBuildPhase;
			buildActionMask = 2147483647;
			files = (
			);
			inputPaths = (
			);
			name = "[CP] Check Pods Manifest.lock";
			outputPaths = (
			);
			runOnlyForDeploymentPostprocessing = 0;
			shellPath = /bin/sh;
			shellScript = "diff \"${PODS_ROOT}/../Podfile.lock\" \"${PODS_ROOT}/Manifest.lock\" > /dev/null\nif [ $? != 0 ] ; then\n    # print error to STDERR\n    echo \"error: The sandbox is not in sync with the Podfile.lock. Run 'pod install' or update your CocoaPods installation.\" >&2\n    exit 1\nfi\n";
			showEnvVarsInLog = 0;
		};
		E3BFB513F900A992BC784518 /* [CP] Embed Pods Frameworks */ = {
			isa = PBXShellScriptBuildPhase;
			buildActionMask = 2147483647;
			files = (
			);
			inputPaths = (
			);
			name = "[CP] Embed Pods Frameworks";
			outputPaths = (
			);
			runOnlyForDeploymentPostprocessing = 0;
			shellPath = /bin/sh;
			shellScript = "\"${SRCROOT}/Pods/Target Support Files/Pods-StateFairTests/Pods-StateFairTests-frameworks.sh\"\n";
			showEnvVarsInLog = 0;
		};
		E5232829E45D9D2850E09FEA /* [CP] Copy Pods Resources */ = {
			isa = PBXShellScriptBuildPhase;
			buildActionMask = 2147483647;
			files = (
			);
			inputPaths = (
			);
			name = "[CP] Copy Pods Resources";
			outputPaths = (
			);
			runOnlyForDeploymentPostprocessing = 0;
			shellPath = /bin/sh;
			shellScript = "\"${SRCROOT}/Pods/Target Support Files/Pods-StateFair/Pods-StateFair-resources.sh\"\n";
			showEnvVarsInLog = 0;
		};
		EE0CAB063DCEFDD4CC0FDA4B /* [CP] Check Pods Manifest.lock */ = {
			isa = PBXShellScriptBuildPhase;
			buildActionMask = 2147483647;
			files = (
			);
			inputPaths = (
			);
			name = "[CP] Check Pods Manifest.lock";
			outputPaths = (
			);
			runOnlyForDeploymentPostprocessing = 0;
			shellPath = /bin/sh;
			shellScript = "diff \"${PODS_ROOT}/../Podfile.lock\" \"${PODS_ROOT}/Manifest.lock\" > /dev/null\nif [ $? != 0 ] ; then\n    # print error to STDERR\n    echo \"error: The sandbox is not in sync with the Podfile.lock. Run 'pod install' or update your CocoaPods installation.\" >&2\n    exit 1\nfi\n";
			showEnvVarsInLog = 0;
		};
		FBB6EB65ED704913551A1120 /* [CP] Embed Pods Frameworks */ = {
			isa = PBXShellScriptBuildPhase;
			buildActionMask = 2147483647;
			files = (
			);
			inputPaths = (
			);
			name = "[CP] Embed Pods Frameworks";
			outputPaths = (
			);
			runOnlyForDeploymentPostprocessing = 0;
			shellPath = /bin/sh;
			shellScript = "\"${SRCROOT}/Pods/Target Support Files/Pods-StateFair/Pods-StateFair-frameworks.sh\"\n";
			showEnvVarsInLog = 0;
		};
/* End PBXShellScriptBuildPhase section */

/* Begin PBXSourcesBuildPhase section */
		44B126D61DE088C000B1DE0A /* Sources */ = {
			isa = PBXSourcesBuildPhase;
			buildActionMask = 2147483647;
			files = (
				44B126E01DE088C000B1DE0A /* ViewController.swift in Sources */,
				44B126DE1DE088C000B1DE0A /* AppDelegate.swift in Sources */,
			);
			runOnlyForDeploymentPostprocessing = 0;
		};
		44B126EA1DE088C000B1DE0A /* Sources */ = {
			isa = PBXSourcesBuildPhase;
			buildActionMask = 2147483647;
			files = (
				44B126F31DE088C000B1DE0A /* StateFairTests.swift in Sources */,
			);
			runOnlyForDeploymentPostprocessing = 0;
		};
/* End PBXSourcesBuildPhase section */

/* Begin PBXTargetDependency section */
		44B126F01DE088C000B1DE0A /* PBXTargetDependency */ = {
			isa = PBXTargetDependency;
			target = 44B126D91DE088C000B1DE0A /* StateFair */;
			targetProxy = 44B126EF1DE088C000B1DE0A /* PBXContainerItemProxy */;
		};
/* End PBXTargetDependency section */

/* Begin PBXVariantGroup section */
		44B126E11DE088C000B1DE0A /* Main.storyboard */ = {
			isa = PBXVariantGroup;
			children = (
				44B126E21DE088C000B1DE0A /* Base */,
			);
			name = Main.storyboard;
			sourceTree = "<group>";
		};
		44B126E61DE088C000B1DE0A /* LaunchScreen.storyboard */ = {
			isa = PBXVariantGroup;
			children = (
				44B126E71DE088C000B1DE0A /* Base */,
			);
			name = LaunchScreen.storyboard;
			sourceTree = "<group>";
		};
/* End PBXVariantGroup section */

/* Begin XCBuildConfiguration section */
		44B126F51DE088C000B1DE0A /* Debug */ = {
			isa = XCBuildConfiguration;
			buildSettings = {
				ALWAYS_SEARCH_USER_PATHS = NO;
				CLANG_ANALYZER_NONNULL = YES;
				CLANG_CXX_LANGUAGE_STANDARD = "gnu++0x";
				CLANG_CXX_LIBRARY = "libc++";
				CLANG_ENABLE_MODULES = YES;
				CLANG_ENABLE_OBJC_ARC = YES;
				CLANG_WARN_BOOL_CONVERSION = YES;
				CLANG_WARN_CONSTANT_CONVERSION = YES;
				CLANG_WARN_DIRECT_OBJC_ISA_USAGE = YES_ERROR;
				CLANG_WARN_DOCUMENTATION_COMMENTS = YES;
				CLANG_WARN_EMPTY_BODY = YES;
				CLANG_WARN_ENUM_CONVERSION = YES;
				CLANG_WARN_INFINITE_RECURSION = YES;
				CLANG_WARN_INT_CONVERSION = YES;
				CLANG_WARN_OBJC_ROOT_CLASS = YES_ERROR;
				CLANG_WARN_SUSPICIOUS_MOVES = YES;
				CLANG_WARN_UNREACHABLE_CODE = YES;
				CLANG_WARN__DUPLICATE_METHOD_MATCH = YES;
				"CODE_SIGN_IDENTITY[sdk=iphoneos*]" = "iPhone Developer";
				COPY_PHASE_STRIP = NO;
				DEBUG_INFORMATION_FORMAT = dwarf;
				ENABLE_STRICT_OBJC_MSGSEND = YES;
				ENABLE_TESTABILITY = YES;
				GCC_C_LANGUAGE_STANDARD = gnu99;
				GCC_DYNAMIC_NO_PIC = NO;
				GCC_NO_COMMON_BLOCKS = YES;
				GCC_OPTIMIZATION_LEVEL = 0;
				GCC_PREPROCESSOR_DEFINITIONS = (
					"DEBUG=1",
					"$(inherited)",
				);
				GCC_WARN_64_TO_32_BIT_CONVERSION = YES;
				GCC_WARN_ABOUT_RETURN_TYPE = YES_ERROR;
				GCC_WARN_UNDECLARED_SELECTOR = YES;
				GCC_WARN_UNINITIALIZED_AUTOS = YES_AGGRESSIVE;
				GCC_WARN_UNUSED_FUNCTION = YES;
				GCC_WARN_UNUSED_VARIABLE = YES;
				IPHONEOS_DEPLOYMENT_TARGET = 10.1;
				MTL_ENABLE_DEBUG_INFO = YES;
				ONLY_ACTIVE_ARCH = YES;
				SDKROOT = iphoneos;
				SWIFT_ACTIVE_COMPILATION_CONDITIONS = DEBUG;
				SWIFT_OPTIMIZATION_LEVEL = "-Onone";
			};
			name = Debug;
		};
		44B126F61DE088C000B1DE0A /* Release */ = {
			isa = XCBuildConfiguration;
			buildSettings = {
				ALWAYS_SEARCH_USER_PATHS = NO;
				CLANG_ANALYZER_NONNULL = YES;
				CLANG_CXX_LANGUAGE_STANDARD = "gnu++0x";
				CLANG_CXX_LIBRARY = "libc++";
				CLANG_ENABLE_MODULES = YES;
				CLANG_ENABLE_OBJC_ARC = YES;
				CLANG_WARN_BOOL_CONVERSION = YES;
				CLANG_WARN_CONSTANT_CONVERSION = YES;
				CLANG_WARN_DIRECT_OBJC_ISA_USAGE = YES_ERROR;
				CLANG_WARN_DOCUMENTATION_COMMENTS = YES;
				CLANG_WARN_EMPTY_BODY = YES;
				CLANG_WARN_ENUM_CONVERSION = YES;
				CLANG_WARN_INFINITE_RECURSION = YES;
				CLANG_WARN_INT_CONVERSION = YES;
				CLANG_WARN_OBJC_ROOT_CLASS = YES_ERROR;
				CLANG_WARN_SUSPICIOUS_MOVES = YES;
				CLANG_WARN_UNREACHABLE_CODE = YES;
				CLANG_WARN__DUPLICATE_METHOD_MATCH = YES;
				"CODE_SIGN_IDENTITY[sdk=iphoneos*]" = "iPhone Developer";
				COPY_PHASE_STRIP = NO;
				DEBUG_INFORMATION_FORMAT = "dwarf-with-dsym";
				ENABLE_NS_ASSERTIONS = NO;
				ENABLE_STRICT_OBJC_MSGSEND = YES;
				GCC_C_LANGUAGE_STANDARD = gnu99;
				GCC_NO_COMMON_BLOCKS = YES;
				GCC_WARN_64_TO_32_BIT_CONVERSION = YES;
				GCC_WARN_ABOUT_RETURN_TYPE = YES_ERROR;
				GCC_WARN_UNDECLARED_SELECTOR = YES;
				GCC_WARN_UNINITIALIZED_AUTOS = YES_AGGRESSIVE;
				GCC_WARN_UNUSED_FUNCTION = YES;
				GCC_WARN_UNUSED_VARIABLE = YES;
				IPHONEOS_DEPLOYMENT_TARGET = 10.1;
				MTL_ENABLE_DEBUG_INFO = NO;
				SDKROOT = iphoneos;
				SWIFT_OPTIMIZATION_LEVEL = "-Owholemodule";
				VALIDATE_PRODUCT = YES;
			};
			name = Release;
		};
		44B126F81DE088C000B1DE0A /* Debug */ = {
			isa = XCBuildConfiguration;
			baseConfigurationReference = D6645E2E6AC3BF50F3338E83 /* Pods-StateFair.debug.xcconfig */;
			buildSettings = {
				ASSETCATALOG_COMPILER_APPICON_NAME = AppIcon;
				DEVELOPMENT_TEAM = E8YCTQ5XB7;
				INFOPLIST_FILE = StateFair/Info.plist;
				LD_RUNPATH_SEARCH_PATHS = "$(inherited) @executable_path/Frameworks";
				PRODUCT_BUNDLE_IDENTIFIER = com.mnstatefair.StateFair;
				PRODUCT_NAME = "$(TARGET_NAME)";
				SWIFT_VERSION = 3.0;
			};
			name = Debug;
		};
		44B126F91DE088C000B1DE0A /* Release */ = {
			isa = XCBuildConfiguration;
			baseConfigurationReference = 3E69732D1CD517A066D643F9 /* Pods-StateFair.release.xcconfig */;
			buildSettings = {
				ASSETCATALOG_COMPILER_APPICON_NAME = AppIcon;
				DEVELOPMENT_TEAM = E8YCTQ5XB7;
				INFOPLIST_FILE = StateFair/Info.plist;
				LD_RUNPATH_SEARCH_PATHS = "$(inherited) @executable_path/Frameworks";
				PRODUCT_BUNDLE_IDENTIFIER = com.mnstatefair.StateFair;
				PRODUCT_NAME = "$(TARGET_NAME)";
				SWIFT_VERSION = 3.0;
			};
			name = Release;
		};
		44B126FB1DE088C000B1DE0A /* Debug */ = {
			isa = XCBuildConfiguration;
			baseConfigurationReference = D003B345D757DFC15DED0109 /* Pods-StateFairTests.debug.xcconfig */;
			buildSettings = {
				ALWAYS_EMBED_SWIFT_STANDARD_LIBRARIES = YES;
				BUNDLE_LOADER = "$(TEST_HOST)";
				DEVELOPMENT_TEAM = E8YCTQ5XB7;
				INFOPLIST_FILE = StateFairTests/Info.plist;
				LD_RUNPATH_SEARCH_PATHS = "$(inherited) @executable_path/Frameworks @loader_path/Frameworks";
				PRODUCT_BUNDLE_IDENTIFIER = com.mnstatefair.StateFairTests;
				PRODUCT_NAME = "$(TARGET_NAME)";
				SWIFT_VERSION = 3.0;
				TEST_HOST = "$(BUILT_PRODUCTS_DIR)/StateFair.app/StateFair";
			};
			name = Debug;
		};
		44B126FC1DE088C000B1DE0A /* Release */ = {
			isa = XCBuildConfiguration;
			baseConfigurationReference = 1FC424E38D90E71950BA35D6 /* Pods-StateFairTests.release.xcconfig */;
			buildSettings = {
				ALWAYS_EMBED_SWIFT_STANDARD_LIBRARIES = YES;
				BUNDLE_LOADER = "$(TEST_HOST)";
				DEVELOPMENT_TEAM = E8YCTQ5XB7;
				INFOPLIST_FILE = StateFairTests/Info.plist;
				LD_RUNPATH_SEARCH_PATHS = "$(inherited) @executable_path/Frameworks @loader_path/Frameworks";
				PRODUCT_BUNDLE_IDENTIFIER = com.mnstatefair.StateFairTests;
				PRODUCT_NAME = "$(TARGET_NAME)";
				SWIFT_VERSION = 3.0;
				TEST_HOST = "$(BUILT_PRODUCTS_DIR)/StateFair.app/StateFair";
			};
			name = Release;
		};
/* End XCBuildConfiguration section */

/* Begin XCConfigurationList section */
		44B126D51DE088C000B1DE0A /* Build configuration list for PBXProject "StateFair" */ = {
			isa = XCConfigurationList;
			buildConfigurations = (
				44B126F51DE088C000B1DE0A /* Debug */,
				44B126F61DE088C000B1DE0A /* Release */,
			);
			defaultConfigurationIsVisible = 0;
			defaultConfigurationName = Release;
		};
		44B126F71DE088C000B1DE0A /* Build configuration list for PBXNativeTarget "StateFair" */ = {
			isa = XCConfigurationList;
			buildConfigurations = (
				44B126F81DE088C000B1DE0A /* Debug */,
				44B126F91DE088C000B1DE0A /* Release */,
			);
			defaultConfigurationIsVisible = 0;
		};
		44B126FA1DE088C000B1DE0A /* Build configuration list for PBXNativeTarget "StateFairTests" */ = {
			isa = XCConfigurationList;
			buildConfigurations = (
				44B126FB1DE088C000B1DE0A /* Debug */,
				44B126FC1DE088C000B1DE0A /* Release */,
			);
			defaultConfigurationIsVisible = 0;
		};
/* End XCConfigurationList section */
	};
	rootObject = 44B126D21DE088C000B1DE0A /* Project object */;
}
